// !$*UTF8*$!
{
	archiveVersion = 1;
	classes = {
	};
	objectVersion = 50;
	objects = {

/* Begin PBXBuildFile section */
		F6DF5F2621E454B700311B68 /* AppDelegate.swift in Sources */ = {isa = PBXBuildFile; fileRef = F6DF5F2521E454B700311B68 /* AppDelegate.swift */; };
		F6DF5F2821E454B700311B68 /* MasterViewController.swift in Sources */ = {isa = PBXBuildFile; fileRef = F6DF5F2721E454B700311B68 /* MasterViewController.swift */; };
		F6DF5F2A21E454B700311B68 /* ImagePresentacionVC.swift in Sources */ = {isa = PBXBuildFile; fileRef = F6DF5F2921E454B700311B68 /* ImagePresentacionVC.swift */; };
		F6DF5F2D21E454B700311B68 /* Main.storyboard in Resources */ = {isa = PBXBuildFile; fileRef = F6DF5F2B21E454B700311B68 /* Main.storyboard */; };
		F6DF5F2F21E454B900311B68 /* Assets.xcassets in Resources */ = {isa = PBXBuildFile; fileRef = F6DF5F2E21E454B900311B68 /* Assets.xcassets */; };
		F6DF5F3221E454B900311B68 /* LaunchScreen.storyboard in Resources */ = {isa = PBXBuildFile; fileRef = F6DF5F3021E454B900311B68 /* LaunchScreen.storyboard */; };
		F6DF5F3A21E456AC00311B68 /* Images+Names+Colors.swift in Sources */ = {isa = PBXBuildFile; fileRef = F6DF5F3921E456AC00311B68 /* Images+Names+Colors.swift */; };
/* End PBXBuildFile section */

/* Begin PBXFileReference section */
		F6DF5F2221E454B700311B68 /* splits.app */ = {isa = PBXFileReference; explicitFileType = wrapper.application; includeInIndex = 0; path = splits.app; sourceTree = BUILT_PRODUCTS_DIR; };
		F6DF5F2521E454B700311B68 /* AppDelegate.swift */ = {isa = PBXFileReference; lastKnownFileType = sourcecode.swift; path = AppDelegate.swift; sourceTree = "<group>"; };
		F6DF5F2721E454B700311B68 /* MasterViewController.swift */ = {isa = PBXFileReference; lastKnownFileType = sourcecode.swift; path = MasterViewController.swift; sourceTree = "<group>"; };
		F6DF5F2921E454B700311B68 /* ImagePresentacionVC.swift */ = {isa = PBXFileReference; lastKnownFileType = sourcecode.swift; path = ImagePresentacionVC.swift; sourceTree = "<group>"; };
		F6DF5F2C21E454B700311B68 /* Base */ = {isa = PBXFileReference; lastKnownFileType = file.storyboard; name = Base; path = Base.lproj/Main.storyboard; sourceTree = "<group>"; };
		F6DF5F2E21E454B900311B68 /* Assets.xcassets */ = {isa = PBXFileReference; lastKnownFileType = folder.assetcatalog; path = Assets.xcassets; sourceTree = "<group>"; };
		F6DF5F3121E454B900311B68 /* Base */ = {isa = PBXFileReference; lastKnownFileType = file.storyboard; name = Base; path = Base.lproj/LaunchScreen.storyboard; sourceTree = "<group>"; };
		F6DF5F3321E454B900311B68 /* Info.plist */ = {isa = PBXFileReference; lastKnownFileType = text.plist.xml; path = Info.plist; sourceTree = "<group>"; };
		F6DF5F3921E456AC00311B68 /* Images+Names+Colors.swift */ = {isa = PBXFileReference; lastKnownFileType = sourcecode.swift; path = "Images+Names+Colors.swift"; sourceTree = "<group>"; };
/* End PBXFileReference section */

/* Begin PBXFrameworksBuildPhase section */
		F6DF5F1F21E454B700311B68 /* Frameworks */ = {
			isa = PBXFrameworksBuildPhase;
			buildActionMask = 2147483647;
			files = (
			);
			runOnlyForDeploymentPostprocessing = 0;
		};
/* End PBXFrameworksBuildPhase section */

/* Begin PBXGroup section */
		F6DF5F1921E454B700311B68 = {
			isa = PBXGroup;
			children = (
				F6DF5F2421E454B700311B68 /* splits */,
				F6DF5F2321E454B700311B68 /* Products */,
			);
			sourceTree = "<group>";
		};
		F6DF5F2321E454B700311B68 /* Products */ = {
			isa = PBXGroup;
			children = (
				F6DF5F2221E454B700311B68 /* splits.app */,
			);
			name = Products;
			sourceTree = "<group>";
		};
		F6DF5F2421E454B700311B68 /* splits */ = {
			isa = PBXGroup;
			children = (
				F6DF5F2521E454B700311B68 /* AppDelegate.swift */,
				F6DF5F2721E454B700311B68 /* MasterViewController.swift */,
				F6DF5F2921E454B700311B68 /* ImagePresentacionVC.swift */,
				F6DF5F2B21E454B700311B68 /* Main.storyboard */,
				F6DF5F2E21E454B900311B68 /* Assets.xcassets */,
				F6DF5F3021E454B900311B68 /* LaunchScreen.storyboard */,
				F6DF5F3321E454B900311B68 /* Info.plist */,
				F6DF5F3921E456AC00311B68 /* Images+Names+Colors.swift */,
			);
			path = splits;
			sourceTree = "<group>";
		};
/* End PBXGroup section */

/* Begin PBXNativeTarget section */
		F6DF5F2121E454B700311B68 /* splits */ = {
			isa = PBXNativeTarget;
			buildConfigurationList = F6DF5F3621E454B900311B68 /* Build configuration list for PBXNativeTarget "splits" */;
			buildPhases = (
				F6DF5F1E21E454B700311B68 /* Sources */,
				F6DF5F1F21E454B700311B68 /* Frameworks */,
				F6DF5F2021E454B700311B68 /* Resources */,
			);
			buildRules = (
			);
			dependencies = (
			);
			name = splits;
			productName = splits;
			productReference = F6DF5F2221E454B700311B68 /* splits.app */;
			productType = "com.apple.product-type.application";
		};
/* End PBXNativeTarget section */

/* Begin PBXProject section */
		F6DF5F1A21E454B700311B68 /* Project object */ = {
			isa = PBXProject;
			attributes = {
				LastSwiftUpdateCheck = 1010;
				LastUpgradeCheck = 1010;
				ORGANIZATIONNAME = "Ricardo Herrera Petit";
				TargetAttributes = {
					F6DF5F2121E454B700311B68 = {
						CreatedOnToolsVersion = 10.1;
					};
				};
			};
			buildConfigurationList = F6DF5F1D21E454B700311B68 /* Build configuration list for PBXProject "splits" */;
			compatibilityVersion = "Xcode 9.3";
			developmentRegion = en;
			hasScannedForEncodings = 0;
			knownRegions = (
				en,
				Base,
			);
			mainGroup = F6DF5F1921E454B700311B68;
			productRefGroup = F6DF5F2321E454B700311B68 /* Products */;
			projectDirPath = "";
			projectRoot = "";
			targets = (
				F6DF5F2121E454B700311B68 /* splits */,
			);
		};
/* End PBXProject section */

/* Begin PBXResourcesBuildPhase section */
		F6DF5F2021E454B700311B68 /* Resources */ = {
			isa = PBXResourcesBuildPhase;
			buildActionMask = 2147483647;
			files = (
				F6DF5F3221E454B900311B68 /* LaunchScreen.storyboard in Resources */,
				F6DF5F2F21E454B900311B68 /* Assets.xcassets in Resources */,
				F6DF5F2D21E454B700311B68 /* Main.storyboard in Resources */,
			);
			runOnlyForDeploymentPostprocessing = 0;
		};
/* End PBXResourcesBuildPhase section */

/* Begin PBXSourcesBuildPhase section */
		F6DF5F1E21E454B700311B68 /* Sources */ = {
			isa = PBXSourcesBuildPhase;
			buildActionMask = 2147483647;
			files = (
				F6DF5F2A21E454B700311B68 /* ImagePresentacionVC.swift in Sources */,
				F6DF5F2821E454B700311B68 /* MasterViewController.swift in Sources */,
				F6DF5F3A21E456AC00311B68 /* Images+Names+Colors.swift in Sources */,
				F6DF5F2621E454B700311B68 /* AppDelegate.swift in Sources */,
			);
			runOnlyForDeploymentPostprocessing = 0;
		};
/* End PBXSourcesBuildPhase section */

/* Begin PBXVariantGroup section */
		F6DF5F2B21E454B700311B68 /* Main.storyboard */ = {
			isa = PBXVariantGroup;
			children = (
				F6DF5F2C21E454B700311B68 /* Base */,
			);
			name = Main.storyboard;
			sourceTree = "<group>";
		};
		F6DF5F3021E454B900311B68 /* LaunchScreen.storyboard */ = {
			isa = PBXVariantGroup;
			children = (
				F6DF5F3121E454B900311B68 /* Base */,
			);
			name = LaunchScreen.storyboard;
			sourceTree = "<group>";
		};
/* End PBXVariantGroup section */

/* Begin XCBuildConfiguration section */
		F6DF5F3421E454B900311B68 /* Debug */ = {
			isa = XCBuildConfiguration;
			buildSettings = {
				ALWAYS_SEARCH_USER_PATHS = NO;
				CLANG_ANALYZER_NONNULL = YES;
				CLANG_ANALYZER_NUMBER_OBJECT_CONVERSION = YES_AGGRESSIVE;
				CLANG_CXX_LANGUAGE_STANDARD = "gnu++14";
				CLANG_CXX_LIBRARY = "libc++";
				CLANG_ENABLE_MODULES = YES;
				CLANG_ENABLE_OBJC_ARC = YES;
				CLANG_ENABLE_OBJC_WEAK = YES;
				CLANG_WARN_BLOCK_CAPTURE_AUTORELEASING = YES;
				CLANG_WARN_BOOL_CONVERSION = YES;
				CLANG_WARN_COMMA = YES;
				CLANG_WARN_CONSTANT_CONVERSION = YES;
				CLANG_WARN_DEPRECATED_OBJC_IMPLEMENTATIONS = YES;
				CLANG_WARN_DIRECT_OBJC_ISA_USAGE = YES_ERROR;
				CLANG_WARN_DOCUMENTATION_COMMENTS = YES;
				CLANG_WARN_EMPTY_BODY = YES;
				CLANG_WARN_ENUM_CONVERSION = YES;
				CLANG_WARN_INFINITE_RECURSION = YES;
				CLANG_WARN_INT_CONVERSION = YES;
				CLANG_WARN_NON_LITERAL_NULL_CONVERSION = YES;
				CLANG_WARN_OBJC_IMPLICIT_RETAIN_SELF = YES;
				CLANG_WARN_OBJC_LITERAL_CONVERSION = YES;
				CLANG_WARN_OBJC_ROOT_CLASS = YES_ERROR;
				CLANG_WARN_RANGE_LOOP_ANALYSIS = YES;
				CLANG_WARN_STRICT_PROTOTYPES = YES;
				CLANG_WARN_SUSPICIOUS_MOVE = YES;
				CLANG_WARN_UNGUARDED_AVAILABILITY = YES_AGGRESSIVE;
				CLANG_WARN_UNREACHABLE_CODE = YES;
				CLANG_WARN__DUPLICATE_METHOD_MATCH = YES;
				CODE_SIGN_IDENTITY = "iPhone Developer";
				COPY_PHASE_STRIP = NO;
				DEBUG_INFORMATION_FORMAT = dwarf;
				ENABLE_STRICT_OBJC_MSGSEND = YES;
				ENABLE_TESTABILITY = YES;
				GCC_C_LANGUAGE_STANDARD = gnu11;
				GCC_DYNAMIC_NO_PIC = NO;
				GCC_NO_COMMON_BLOCKS = YES;
				GCC_OPTIMIZATION_LEVEL = 0;
				GCC_PREPROCESSOR_DEFINITIONS = (
					"DEBUG=1",
					"$(inherited)",
				);
				GCC_WARN_64_TO_32_BIT_CONVERSION = YES;
				GCC_WARN_ABOUT_RETURN_TYPE = YES_ERROR;
				GCC_WARN_UNDECLARED_SELECTOR = YES;
				GCC_WARN_UNINITIALIZED_AUTOS = YES_AGGRESSIVE;
				GCC_WARN_UNUSED_FUNCTION = YES;
				GCC_WARN_UNUSED_VARIABLE = YES;
				IPHONEOS_DEPLOYMENT_TARGET = 12.1;
				MTL_ENABLE_DEBUG_INFO = INCLUDE_SOURCE;
				MTL_FAST_MATH = YES;
				ONLY_ACTIVE_ARCH = YES;
				SDKROOT = iphoneos;
				SWIFT_ACTIVE_COMPILATION_CONDITIONS = DEBUG;
				SWIFT_OPTIMIZATION_LEVEL = "-Onone";
			};
			name = Debug;
		};
		F6DF5F3521E454B900311B68 /* Release */ = {
			isa = XCBuildConfiguration;
			buildSettings = {
				ALWAYS_SEARCH_USER_PATHS = NO;
				CLANG_ANALYZER_NONNULL = YES;
				CLANG_ANALYZER_NUMBER_OBJECT_CONVERSION = YES_AGGRESSIVE;
				CLANG_CXX_LANGUAGE_STANDARD = "gnu++14";
				CLANG_CXX_LIBRARY = "libc++";
				CLANG_ENABLE_MODULES = YES;
				CLANG_ENABLE_OBJC_ARC = YES;
				CLANG_ENABLE_OBJC_WEAK = YES;
				CLANG_WARN_BLOCK_CAPTURE_AUTORELEASING = YES;
				CLANG_WARN_BOOL_CONVERSION = YES;
				CLANG_WARN_COMMA = YES;
				CLANG_WARN_CONSTANT_CONVERSION = YES;
				CLANG_WARN_DEPRECATED_OBJC_IMPLEMENTATIONS = YES;
				CLANG_WARN_DIRECT_OBJC_ISA_USAGE = YES_ERROR;
				CLANG_WARN_DOCUMENTATION_COMMENTS = YES;
				CLANG_WARN_EMPTY_BODY = YES;
				CLANG_WARN_ENUM_CONVERSION = YES;
				CLANG_WARN_INFINITE_RECURSION = YES;
				CLANG_WARN_INT_CONVERSION = YES;
				CLANG_WARN_NON_LITERAL_NULL_CONVERSION = YES;
				CLANG_WARN_OBJC_IMPLICIT_RETAIN_SELF = YES;
				CLANG_WARN_OBJC_LITERAL_CONVERSION = YES;
				CLANG_WARN_OBJC_ROOT_CLASS = YES_ERROR;
				CLANG_WARN_RANGE_LOOP_ANALYSIS = YES;
				CLANG_WARN_STRICT_PROTOTYPES = YES;
				CLANG_WARN_SUSPICIOUS_MOVE = YES;
				CLANG_WARN_UNGUARDED_AVAILABILITY = YES_AGGRESSIVE;
				CLANG_WARN_UNREACHABLE_CODE = YES;
				CLANG_WARN__DUPLICATE_METHOD_MATCH = YES;
				CODE_SIGN_IDENTITY = "iPhone Developer";
				COPY_PHASE_STRIP = NO;
				DEBUG_INFORMATION_FORMAT = "dwarf-with-dsym";
				ENABLE_NS_ASSERTIONS = NO;
				ENABLE_STRICT_OBJC_MSGSEND = YES;
				GCC_C_LANGUAGE_STANDARD = gnu11;
				GCC_NO_COMMON_BLOCKS = YES;
				GCC_WARN_64_TO_32_BIT_CONVERSION = YES;
				GCC_WARN_ABOUT_RETURN_TYPE = YES_ERROR;
				GCC_WARN_UNDECLARED_SELECTOR = YES;
				GCC_WARN_UNINITIALIZED_AUTOS = YES_AGGRESSIVE;
				GCC_WARN_UNUSED_FUNCTION = YES;
				GCC_WARN_UNUSED_VARIABLE = YES;
				IPHONEOS_DEPLOYMENT_TARGET = 12.1;
				MTL_ENABLE_DEBUG_INFO = NO;
				MTL_FAST_MATH = YES;
				SDKROOT = iphoneos;
				SWIFT_COMPILATION_MODE = wholemodule;
				SWIFT_OPTIMIZATION_LEVEL = "-O";
				VALIDATE_PRODUCT = YES;
			};
			name = Release;
		};
		F6DF5F3721E454B900311B68 /* Debug */ = {
			isa = XCBuildConfiguration;
			buildSettings = {
				ASSETCATALOG_COMPILER_APPICON_NAME = AppIcon;
				CODE_SIGN_STYLE = Automatic;
				DEVELOPMENT_TEAM = AMLYNCKP6M;
				INFOPLIST_FILE = splits/Info.plist;
				LD_RUNPATH_SEARCH_PATHS = (
					"$(inherited)",
					"@executable_path/Frameworks",
				);
				PRODUCT_BUNDLE_IDENTIFIER = petitcoding.splits;
				PRODUCT_NAME = "$(TARGET_NAME)";
				SWIFT_VERSION = 4.2;
				TARGETED_DEVICE_FAMILY = "1,2";
			};
			name = Debug;
		};
		F6DF5F3821E454B900311B68 /* Release */ = {
			isa = XCBuildConfiguration;
			buildSettings = {
				ASSETCATALOG_COMPILER_APPICON_NAME = AppIcon;
				CODE_SIGN_STYLE = Automatic;
				DEVELOPMENT_TEAM = AMLYNCKP6M;
				INFOPLIST_FILE = splits/Info.plist;
				LD_RUNPATH_SEARCH_PATHS = (
					"$(inherited)",
					"@executable_path/Frameworks",
				);
				PRODUCT_BUNDLE_IDENTIFIER = petitcoding.splits;
				PRODUCT_NAME = "$(TARGET_NAME)";
				SWIFT_VERSION = 4.2;
				TARGETED_DEVICE_FAMILY = "1,2";
			};
			name = Release;
		};
/* End XCBuildConfiguration section */

/* Begin XCConfigurationList section */
		F6DF5F1D21E454B700311B68 /* Build configuration list for PBXProject "splits" */ = {
			isa = XCConfigurationList;
			buildConfigurations = (
				F6DF5F3421E454B900311B68 /* Debug */,
				F6DF5F3521E454B900311B68 /* Release */,
			);
			defaultConfigurationIsVisible = 0;
			defaultConfigurationName = Release;
		};
		F6DF5F3621E454B900311B68 /* Build configuration list for PBXNativeTarget "splits" */ = {
			isa = XCConfigurationList;
			buildConfigurations = (
				F6DF5F3721E454B900311B68 /* Debug */,
				F6DF5F3821E454B900311B68 /* Release */,
			);
			defaultConfigurationIsVisible = 0;
			defaultConfigurationName = Release;
		};
/* End XCConfigurationList section */
	};
	rootObject = F6DF5F1A21E454B700311B68 /* Project object */;
}
